schema: '2.0'
stages:
  prepare:
    cmd: python src/prepare.py --out_dir data
    params:
      params.yaml:
        prepare.random_seed: 42
    outs:
    - path: data/iris.csv
      hash: md5
      md5: 4d301abed5efe50eccda350cde38e0eb
      size: 2777
  features:
    cmd: python src/features.py --in_csv data/zameen-updated.csv --out_dir data 
      --test_size 0.2 --random_state 42
    deps:
    - path: data/zameen-updated.csv
      hash: md5
      md5: 862ce971c086da8903e8ecc7c8a52c92
      size: 49522076
    - path: src/features.py
      hash: md5
      md5: 83140a3b200154069d747ff78f8183b8
      size: 3750
    params:
      params.yaml:
        features.random_state: 42
        features.test_size: 0.2
    outs:
    - path: data/X_test.npy
      hash: md5
      md5: cb14ee7903824233138b1a8ce1c9f5e1
      size: 1351464
    - path: data/X_train.npy
      hash: md5
      md5: fbdb520b653ac33c9ed400fb81d38f72
      size: 5405472
    - path: data/y_test.npy
      hash: md5
      md5: ba3cc6272ff15ff1afd1e1f059fcb7fb
      size: 193176
    - path: data/y_train.npy
      hash: md5
      md5: a95bad6718663fb87865593aac81859e
      size: 772320
    - path: models/feature_field_map.pkl
      hash: md5
      md5: ebb9888c58eb8e0d4bada729f520438e
      size: 180
    - path: models/label_encoders.pkl
      hash: md5
      md5: 79a9a7817240e7bec35f0624ee380c86
      size: 1344
    - path: models/model_features.pkl
      hash: md5
      md5: 78a7de9935c66ade502eaa275b03cc1f
      size: 98
  train:
    cmd: python src/train.py --data_dir data --model_out 
      models/house_price_model.pkl
    deps:
    - path: data/X_train.npy
      hash: md5
      md5: fbdb520b653ac33c9ed400fb81d38f72
      size: 5405472
    - path: data/y_train.npy
      hash: md5
      md5: a95bad6718663fb87865593aac81859e
      size: 772320
    - path: src/train.py
      hash: md5
      md5: 35b6e4e744e4d9385707c86c33edeb68
      size: 1058
    params:
      params.yaml:
        train.max_depth: 12
        train.n_estimators: 200
        train.random_state: 42
    outs:
    - path: models/house_price_model.pkl
      hash: md5
      md5: e72baac82a72dabd39f372a102f21fea
      size: 58256881
  evaluate:
    cmd: python src/evaluate.py --data_dir data --model 
      models/house_price_model.pkl --out metrics/eval.json
    deps:
    - path: data/X_test.npy
      hash: md5
      md5: cb14ee7903824233138b1a8ce1c9f5e1
      size: 1351464
    - path: data/y_test.npy
      hash: md5
      md5: ba3cc6272ff15ff1afd1e1f059fcb7fb
      size: 193176
    - path: models/house_price_model.pkl
      hash: md5
      md5: e72baac82a72dabd39f372a102f21fea
      size: 58256881
    - path: src/evaluate.py
      hash: md5
      md5: 391148e1a5b5c1c8db619f8caeb1246c
      size: 1010
    outs:
    - path: metrics/eval.json
      hash: md5
      md5: 99e6146d6c45bb4b3dca691a4aeb3f96
      size: 87
